
Microsoft Visual Studio Solution File, Format Version 10.00
# Visual Studio 2008
Project("{FAE04EC0-301F-11D3-BF4B-00C04F79EFBC}") = "linkedlist", "linkedlist\linkedlist.csproj", "{A53B7F6F-837D-4448-B482-ECADA9E06565}"
EndProject
Global
	GlobalSection(SolutionConfigurationPlatforms) = preSolution
		Debug|x86 = Debug|x86
		Release|x86 = Release|x86
	EndGlobalSection
	GlobalSection(ProjectConfigurationPlatforms) = postSolution
		{A53B7F6F-837D-4448-B482-ECADA9E06565}.Debug|x86.ActiveCfg = Debug|x86
		{A53B7F6F-837D-4448-B482-ECADA9E06565}.Debug|x86.Build.0 = Debug|x86
		{A53B7F6F-837D-4448-B482-ECADA9E06565}.Release|x86.ActiveCfg = Release|x86
		{A53B7F6F-837D-4448-B482-ECADA9E06565}.Release|x86.Build.0 = Release|x86
	EndGlobalSection
	GlobalSection(MonoDevelopProperties) = preSolution
		StartupItem = linkedlist\linkedlist.csproj
	EndGlobalSection
EndGlobal
