
Microsoft Visual Studio Solution File, Format Version 10.00
# Visual Studio 2008
Project("{FAE04EC0-301F-11D3-BF4B-00C04F79EFBC}") = "mergesort", "mergesort\mergesort.csproj", "{C899F587-62C2-474A-8377-68C23A249EAC}"
EndProject
Global
	GlobalSection(SolutionConfigurationPlatforms) = preSolution
		Debug|x86 = Debug|x86
		Release|x86 = Release|x86
	EndGlobalSection
	GlobalSection(ProjectConfigurationPlatforms) = postSolution
		{C899F587-62C2-474A-8377-68C23A249EAC}.Debug|x86.ActiveCfg = Debug|x86
		{C899F587-62C2-474A-8377-68C23A249EAC}.Debug|x86.Build.0 = Debug|x86
		{C899F587-62C2-474A-8377-68C23A249EAC}.Release|x86.ActiveCfg = Release|x86
		{C899F587-62C2-474A-8377-68C23A249EAC}.Release|x86.Build.0 = Release|x86
	EndGlobalSection
	GlobalSection(MonoDevelopProperties) = preSolution
		StartupItem = mergesort\mergesort.csproj
	EndGlobalSection
EndGlobal
